
Microsoft Visual Studio Solution File, Format Version 12.00
# Visual Studio Version 17
VisualStudioVersion = 17.10.35122.118
MinimumVisualStudioVersion = 10.0.40219.1
Project("{FAE04EC0-301F-11D3-BF4B-00C04F79EFBC}") = "ConsoleApp3", "ConsoleApp3\ConsoleApp3.csproj", "{F3E4E71D-F4B2-4DF0-843E-FF3D6C8F3B0E}"
EndProject
Global
	GlobalSection(SolutionConfigurationPlatforms) = preSolution
		Debug|Any CPU = Debug|Any CPU
		Release|Any CPU = Release|Any CPU
	EndGlobalSection
	GlobalSection(ProjectConfigurationPlatforms) = postSolution
		{F3E4E71D-F4B2-4DF0-843E-FF3D6C8F3B0E}.Debug|Any CPU.ActiveCfg = Debug|Any CPU
		{F3E4E71D-F4B2-4DF0-843E-FF3D6C8F3B0E}.Debug|Any CPU.Build.0 = Debug|Any CPU
		{F3E4E71D-F4B2-4DF0-843E-FF3D6C8F3B0E}.Release|Any CPU.ActiveCfg = Release|Any CPU
		{F3E4E71D-F4B2-4DF0-843E-FF3D6C8F3B0E}.Release|Any CPU.Build.0 = Release|Any CPU
	EndGlobalSection
	GlobalSection(SolutionProperties) = preSolution
		HideSolutionNode = FALSE
	EndGlobalSection
	GlobalSection(ExtensibilityGlobals) = postSolution
		SolutionGuid = {B0530542-6A79-43BD-AC90-A1A8B6F94217}
	EndGlobalSection
EndGlobal
